
Microsoft Visual Studio Solution File, Format Version 12.00
# Visual Studio Version 16
VisualStudioVersion = 16.0.31729.503
MinimumVisualStudioVersion = 10.0.40219.1
Project("{9A19103F-16F7-4668-BE54-9A1E7A4F7556}") = "CardOrgAPI", "CardOrgAPI.csproj", "{23574236-CF37-4359-836C-A1CB9DD825D4}"
EndProject
Project("{9A19103F-16F7-4668-BE54-9A1E7A4F7556}") = "CardOrgAPI.Tests", "..\CardOrgAPITests\CardOrgAPI.Tests.csproj", "{2C3A77EB-0DDF-4833-93EC-51CB366263CD}"
EndProject
Project("{9A19103F-16F7-4668-BE54-9A1E7A4F7556}") = "CardOrgAPI.Identity", "..\CardOrgAPI.Identity\CardOrgAPI.Identity.csproj", "{F40087A5-4FE6-4222-8D43-D3C9BA098369}"
EndProject
Project("{9A19103F-16F7-4668-BE54-9A1E7A4F7556}") = "CardOrgAPI.Interfaces", "..\CardOrgAPI.Interfaces\CardOrgAPI.Interfaces.csproj", "{F66626F0-6D1B-45F1-AA6B-31769A1B8357}"
EndProject
Project("{9A19103F-16F7-4668-BE54-9A1E7A4F7556}") = "CardOrgAPI.Models", "..\CardOrgAPI.Models\CardOrgAPI.Models.csproj", "{5AFDD57A-36CD-4FD3-B80F-EE18F65C9A36}"
EndProject
Project("{FAE04EC0-301F-11D3-BF4B-00C04F79EFBC}") = "CardOrgAPI.Application", "..\CardOrgAPI.Application\CardOrgAPI.Application.csproj", "{5B7791FD-A1E1-414A-91BD-4A63443E5216}"
EndProject
Global
	GlobalSection(SolutionConfigurationPlatforms) = preSolution
		Debug|Any CPU = Debug|Any CPU
		Release|Any CPU = Release|Any CPU
	EndGlobalSection
	GlobalSection(ProjectConfigurationPlatforms) = postSolution
		{23574236-CF37-4359-836C-A1CB9DD825D4}.Debug|Any CPU.ActiveCfg = Debug|Any CPU
		{23574236-CF37-4359-836C-A1CB9DD825D4}.Debug|Any CPU.Build.0 = Debug|Any CPU
		{23574236-CF37-4359-836C-A1CB9DD825D4}.Release|Any CPU.ActiveCfg = Release|Any CPU
		{23574236-CF37-4359-836C-A1CB9DD825D4}.Release|Any CPU.Build.0 = Release|Any CPU
		{2C3A77EB-0DDF-4833-93EC-51CB366263CD}.Debug|Any CPU.ActiveCfg = Debug|Any CPU
		{2C3A77EB-0DDF-4833-93EC-51CB366263CD}.Debug|Any CPU.Build.0 = Debug|Any CPU
		{2C3A77EB-0DDF-4833-93EC-51CB366263CD}.Release|Any CPU.ActiveCfg = Release|Any CPU
		{2C3A77EB-0DDF-4833-93EC-51CB366263CD}.Release|Any CPU.Build.0 = Release|Any CPU
		{F40087A5-4FE6-4222-8D43-D3C9BA098369}.Debug|Any CPU.ActiveCfg = Debug|Any CPU
		{F40087A5-4FE6-4222-8D43-D3C9BA098369}.Debug|Any CPU.Build.0 = Debug|Any CPU
		{F40087A5-4FE6-4222-8D43-D3C9BA098369}.Release|Any CPU.ActiveCfg = Release|Any CPU
		{F40087A5-4FE6-4222-8D43-D3C9BA098369}.Release|Any CPU.Build.0 = Release|Any CPU
		{F66626F0-6D1B-45F1-AA6B-31769A1B8357}.Debug|Any CPU.ActiveCfg = Debug|Any CPU
		{F66626F0-6D1B-45F1-AA6B-31769A1B8357}.Debug|Any CPU.Build.0 = Debug|Any CPU
		{F66626F0-6D1B-45F1-AA6B-31769A1B8357}.Release|Any CPU.ActiveCfg = Release|Any CPU
		{F66626F0-6D1B-45F1-AA6B-31769A1B8357}.Release|Any CPU.Build.0 = Release|Any CPU
		{5AFDD57A-36CD-4FD3-B80F-EE18F65C9A36}.Debug|Any CPU.ActiveCfg = Debug|Any CPU
		{5AFDD57A-36CD-4FD3-B80F-EE18F65C9A36}.Debug|Any CPU.Build.0 = Debug|Any CPU
		{5AFDD57A-36CD-4FD3-B80F-EE18F65C9A36}.Release|Any CPU.ActiveCfg = Release|Any CPU
		{5AFDD57A-36CD-4FD3-B80F-EE18F65C9A36}.Release|Any CPU.Build.0 = Release|Any CPU
		{5B7791FD-A1E1-414A-91BD-4A63443E5216}.Debug|Any CPU.ActiveCfg = Debug|Any CPU
		{5B7791FD-A1E1-414A-91BD-4A63443E5216}.Debug|Any CPU.Build.0 = Debug|Any CPU
		{5B7791FD-A1E1-414A-91BD-4A63443E5216}.Release|Any CPU.ActiveCfg = Release|Any CPU
		{5B7791FD-A1E1-414A-91BD-4A63443E5216}.Release|Any CPU.Build.0 = Release|Any CPU
	EndGlobalSection
	GlobalSection(SolutionProperties) = preSolution
		HideSolutionNode = FALSE
	EndGlobalSection
	GlobalSection(ExtensibilityGlobals) = postSolution
		SolutionGuid = {B7C1E180-AF79-458D-A6FF-B4291E9ED37B}
	EndGlobalSection
EndGlobal
