
Microsoft Visual Studio Solution File, Format Version 12.00
# Visual Studio Version 16
VisualStudioVersion = 16.0.31729.503
MinimumVisualStudioVersion = 10.0.40219.1
Project("{FAE04EC0-301F-11D3-BF4B-00C04F79EFBC}") = "CardOrgAPI", "CardOrgAPI.csproj", "{23574236-CF37-4359-836C-A1CB9DD825D4}"
EndProject
Project("{FAE04EC0-301F-11D3-BF4B-00C04F79EFBC}") = "CardOrgAPITests", "..\CardOrgAPITests\CardOrgAPITests.csproj", "{2C3A77EB-0DDF-4833-93EC-51CB366263CD}"
EndProject
Global
	GlobalSection(SolutionConfigurationPlatforms) = preSolution
		Debug|Any CPU = Debug|Any CPU
		Release|Any CPU = Release|Any CPU
	EndGlobalSection
	GlobalSection(ProjectConfigurationPlatforms) = postSolution
		{23574236-CF37-4359-836C-A1CB9DD825D4}.Debug|Any CPU.ActiveCfg = Debug|Any CPU
		{23574236-CF37-4359-836C-A1CB9DD825D4}.Debug|Any CPU.Build.0 = Debug|Any CPU
		{23574236-CF37-4359-836C-A1CB9DD825D4}.Release|Any CPU.ActiveCfg = Release|Any CPU
		{23574236-CF37-4359-836C-A1CB9DD825D4}.Release|Any CPU.Build.0 = Release|Any CPU
		{2C3A77EB-0DDF-4833-93EC-51CB366263CD}.Debug|Any CPU.ActiveCfg = Debug|Any CPU
		{2C3A77EB-0DDF-4833-93EC-51CB366263CD}.Debug|Any CPU.Build.0 = Debug|Any CPU
		{2C3A77EB-0DDF-4833-93EC-51CB366263CD}.Release|Any CPU.ActiveCfg = Release|Any CPU
		{2C3A77EB-0DDF-4833-93EC-51CB366263CD}.Release|Any CPU.Build.0 = Release|Any CPU
	EndGlobalSection
	GlobalSection(SolutionProperties) = preSolution
		HideSolutionNode = FALSE
	EndGlobalSection
	GlobalSection(ExtensibilityGlobals) = postSolution
		SolutionGuid = {B7C1E180-AF79-458D-A6FF-B4291E9ED37B}
	EndGlobalSection
EndGlobal
